
Microsoft Visual Studio Solution File, Format Version 12.00
# Visual Studio Version 17
VisualStudioVersion = 17.10.35013.160
MinimumVisualStudioVersion = 10.0.40219.1
Project("{FAE04EC0-301F-11D3-BF4B-00C04F79EFBC}") = "MVC_EXPENSE", "MVC_EXPENSE\MVC_EXPENSE.csproj", "{05C9B698-A6C4-4E30-979B-4F5A24B16685}"
EndProject
Global
	GlobalSection(SolutionConfigurationPlatforms) = preSolution
		Debug|Any CPU = Debug|Any CPU
		Release|Any CPU = Release|Any CPU
	EndGlobalSection
	GlobalSection(ProjectConfigurationPlatforms) = postSolution
		{05C9B698-A6C4-4E30-979B-4F5A24B16685}.Debug|Any CPU.ActiveCfg = Debug|Any CPU
		{05C9B698-A6C4-4E30-979B-4F5A24B16685}.Debug|Any CPU.Build.0 = Debug|Any CPU
		{05C9B698-A6C4-4E30-979B-4F5A24B16685}.Release|Any CPU.ActiveCfg = Release|Any CPU
		{05C9B698-A6C4-4E30-979B-4F5A24B16685}.Release|Any CPU.Build.0 = Release|Any CPU
	EndGlobalSection
	GlobalSection(SolutionProperties) = preSolution
		HideSolutionNode = FALSE
	EndGlobalSection
	GlobalSection(ExtensibilityGlobals) = postSolution
		SolutionGuid = {7E62C899-345C-419D-87C5-36027F9738B3}
	EndGlobalSection
EndGlobal
